
Microsoft Visual Studio Solution File, Format Version 12.00
# Visual Studio Version 16
VisualStudioVersion = 16.0.31205.134
MinimumVisualStudioVersion = 10.0.40219.1
Project("{9A19103F-16F7-4668-BE54-9A1E7A4F7556}") = "Generator Phrases", "Generator Pharses\Generator Phrases.csproj", "{8446DACB-E2EE-4A2B-8A56-A77323DA423D}"
EndProject
Project("{9A19103F-16F7-4668-BE54-9A1E7A4F7556}") = "Generator Phrase UI", "Generator Phrase UI\Generator Phrase UI.csproj", "{AFA25CDF-0957-4BFC-BDCB-EF37325D429F}"
EndProject
Global
	GlobalSection(SolutionConfigurationPlatforms) = preSolution
		Debug|Any CPU = Debug|Any CPU
		Release|Any CPU = Release|Any CPU
	EndGlobalSection
	GlobalSection(ProjectConfigurationPlatforms) = postSolution
		{8446DACB-E2EE-4A2B-8A56-A77323DA423D}.Debug|Any CPU.ActiveCfg = Debug|Any CPU
		{8446DACB-E2EE-4A2B-8A56-A77323DA423D}.Debug|Any CPU.Build.0 = Debug|Any CPU
		{8446DACB-E2EE-4A2B-8A56-A77323DA423D}.Release|Any CPU.ActiveCfg = Release|Any CPU
		{8446DACB-E2EE-4A2B-8A56-A77323DA423D}.Release|Any CPU.Build.0 = Release|Any CPU
		{AFA25CDF-0957-4BFC-BDCB-EF37325D429F}.Debug|Any CPU.ActiveCfg = Debug|Any CPU
		{AFA25CDF-0957-4BFC-BDCB-EF37325D429F}.Debug|Any CPU.Build.0 = Debug|Any CPU
		{AFA25CDF-0957-4BFC-BDCB-EF37325D429F}.Release|Any CPU.ActiveCfg = Release|Any CPU
		{AFA25CDF-0957-4BFC-BDCB-EF37325D429F}.Release|Any CPU.Build.0 = Release|Any CPU
	EndGlobalSection
	GlobalSection(SolutionProperties) = preSolution
		HideSolutionNode = FALSE
	EndGlobalSection
	GlobalSection(ExtensibilityGlobals) = postSolution
		SolutionGuid = {91F6FCC6-590D-414D-AAD0-B6217DD38F8C}
	EndGlobalSection
EndGlobal
